{
  "name": "meexample",
  "version": "0.0.1",
  "lockfileVersion": 1,
  "requires": true,
  "dependencies": {
    "flow-bin": {
      "version": "0.67.1",
      "resolved": "https://registry.npmjs.org/flow-bin/-/flow-bin-0.67.1.tgz",
      "integrity": "sha512-jZwanQrtgVRDKs3Le3MmD44YTZSzWkpuUeMv4ZckDOuaa2VQ41ttuxqzxErRdTr/ZSs+J1L2SQW6NKO+D4t2Vw==",
      "dev": true
    }
  }
}
